
Microsoft Visual Studio Solution File, Format Version 12.00
# Visual Studio Version 16
VisualStudioVersion = 16.0.33529.622
MinimumVisualStudioVersion = 10.0.40219.1
Project("{8BC9CEB8-8B4A-11D0-8D11-00A0C91BC942}") = "053_what_is_my_id", "053_what_is_my_id.vcxproj", "{F7054A83-3A4A-482A-8D78-C6A5C8EFDE8F}"
EndProject
Project("{8BC9CEB8-8B4A-11D0-8D11-00A0C91BC942}") = "CudaRuntime1", "..\CudaRuntime1\CudaRuntime1.vcxproj", "{5AB3F7C7-DDAE-48A2-9DD0-6F6C4E76B1C4}"
EndProject
Project("{8BC9CEB8-8B4A-11D0-8D11-00A0C91BC942}") = "054_what_is_my_id_2d", "..\054_what_is_my_id_2d\054_what_is_my_id_2d.vcxproj", "{E343348C-D879-4EC5-BEC4-366D4DEF11F4}"
EndProject
Project("{8BC9CEB8-8B4A-11D0-8D11-00A0C91BC942}") = "Reduction", "..\Reduction\Reduction.vcxproj", "{B1D8F99B-E0DC-430B-8363-F8207BC266B3}"
EndProject
Project("{8BC9CEB8-8B4A-11D0-8D11-00A0C91BC942}") = "transpose", "..\transpose\transpose.vcxproj", "{92621BB7-9373-4722-90FD-56DA51959BC4}"
EndProject
Project("{8BC9CEB8-8B4A-11D0-8D11-00A0C91BC942}") = "065const", "..\065const\065const.vcxproj", "{CAB9A1CF-E9DD-4F0C-835D-E58626006826}"
EndProject
Project("{8BC9CEB8-8B4A-11D0-8D11-00A0C91BC942}") = "065gmem", "..\065gmem\065gmem.vcxproj", "{B82AB2E9-C80D-4E44-A8E7-DC0861C15D7E}"
EndProject
Project("{8BC9CEB8-8B4A-11D0-8D11-00A0C91BC942}") = "065symbol", "..\065symbol\065symbol.vcxproj", "{5A2FADC4-2A73-4857-AFB4-07FD6C0F9D33}"
EndProject
Project("{8BC9CEB8-8B4A-11D0-8D11-00A0C91BC942}") = "066_interleaved", "..\066_interleaved\066_interleaved.vcxproj", "{012986BE-C3A3-4E0F-A559-D0C0D89BA680}"
EndProject
Project("{8BC9CEB8-8B4A-11D0-8D11-00A0C91BC942}") = "functionTest", "..\functionTest\functionTest.vcxproj", "{34041D93-C797-4CA7-9345-C6792D36FE51}"
EndProject
Global
	GlobalSection(SolutionConfigurationPlatforms) = preSolution
		Debug|x64 = Debug|x64
		Release|x64 = Release|x64
	EndGlobalSection
	GlobalSection(ProjectConfigurationPlatforms) = postSolution
		{F7054A83-3A4A-482A-8D78-C6A5C8EFDE8F}.Debug|x64.ActiveCfg = Debug|x64
		{F7054A83-3A4A-482A-8D78-C6A5C8EFDE8F}.Debug|x64.Build.0 = Debug|x64
		{F7054A83-3A4A-482A-8D78-C6A5C8EFDE8F}.Release|x64.ActiveCfg = Release|x64
		{F7054A83-3A4A-482A-8D78-C6A5C8EFDE8F}.Release|x64.Build.0 = Release|x64
		{5AB3F7C7-DDAE-48A2-9DD0-6F6C4E76B1C4}.Debug|x64.ActiveCfg = Debug|x64
		{5AB3F7C7-DDAE-48A2-9DD0-6F6C4E76B1C4}.Debug|x64.Build.0 = Debug|x64
		{5AB3F7C7-DDAE-48A2-9DD0-6F6C4E76B1C4}.Release|x64.ActiveCfg = Release|x64
		{5AB3F7C7-DDAE-48A2-9DD0-6F6C4E76B1C4}.Release|x64.Build.0 = Release|x64
		{E343348C-D879-4EC5-BEC4-366D4DEF11F4}.Debug|x64.ActiveCfg = Debug|x64
		{E343348C-D879-4EC5-BEC4-366D4DEF11F4}.Debug|x64.Build.0 = Debug|x64
		{E343348C-D879-4EC5-BEC4-366D4DEF11F4}.Release|x64.ActiveCfg = Release|x64
		{E343348C-D879-4EC5-BEC4-366D4DEF11F4}.Release|x64.Build.0 = Release|x64
		{B1D8F99B-E0DC-430B-8363-F8207BC266B3}.Debug|x64.ActiveCfg = Debug|x64
		{B1D8F99B-E0DC-430B-8363-F8207BC266B3}.Debug|x64.Build.0 = Debug|x64
		{B1D8F99B-E0DC-430B-8363-F8207BC266B3}.Release|x64.ActiveCfg = Release|x64
		{B1D8F99B-E0DC-430B-8363-F8207BC266B3}.Release|x64.Build.0 = Release|x64
		{92621BB7-9373-4722-90FD-56DA51959BC4}.Debug|x64.ActiveCfg = Debug|x64
		{92621BB7-9373-4722-90FD-56DA51959BC4}.Debug|x64.Build.0 = Debug|x64
		{92621BB7-9373-4722-90FD-56DA51959BC4}.Release|x64.ActiveCfg = Release|x64
		{92621BB7-9373-4722-90FD-56DA51959BC4}.Release|x64.Build.0 = Release|x64
		{CAB9A1CF-E9DD-4F0C-835D-E58626006826}.Debug|x64.ActiveCfg = Debug|x64
		{CAB9A1CF-E9DD-4F0C-835D-E58626006826}.Debug|x64.Build.0 = Debug|x64
		{CAB9A1CF-E9DD-4F0C-835D-E58626006826}.Release|x64.ActiveCfg = Release|x64
		{CAB9A1CF-E9DD-4F0C-835D-E58626006826}.Release|x64.Build.0 = Release|x64
		{B82AB2E9-C80D-4E44-A8E7-DC0861C15D7E}.Debug|x64.ActiveCfg = Debug|x64
		{B82AB2E9-C80D-4E44-A8E7-DC0861C15D7E}.Debug|x64.Build.0 = Debug|x64
		{B82AB2E9-C80D-4E44-A8E7-DC0861C15D7E}.Release|x64.ActiveCfg = Release|x64
		{B82AB2E9-C80D-4E44-A8E7-DC0861C15D7E}.Release|x64.Build.0 = Release|x64
		{5A2FADC4-2A73-4857-AFB4-07FD6C0F9D33}.Debug|x64.ActiveCfg = Debug|x64
		{5A2FADC4-2A73-4857-AFB4-07FD6C0F9D33}.Debug|x64.Build.0 = Debug|x64
		{5A2FADC4-2A73-4857-AFB4-07FD6C0F9D33}.Release|x64.ActiveCfg = Release|x64
		{5A2FADC4-2A73-4857-AFB4-07FD6C0F9D33}.Release|x64.Build.0 = Release|x64
		{012986BE-C3A3-4E0F-A559-D0C0D89BA680}.Debug|x64.ActiveCfg = Debug|x64
		{012986BE-C3A3-4E0F-A559-D0C0D89BA680}.Debug|x64.Build.0 = Debug|x64
		{012986BE-C3A3-4E0F-A559-D0C0D89BA680}.Release|x64.ActiveCfg = Release|x64
		{012986BE-C3A3-4E0F-A559-D0C0D89BA680}.Release|x64.Build.0 = Release|x64
		{34041D93-C797-4CA7-9345-C6792D36FE51}.Debug|x64.ActiveCfg = Debug|x64
		{34041D93-C797-4CA7-9345-C6792D36FE51}.Debug|x64.Build.0 = Debug|x64
		{34041D93-C797-4CA7-9345-C6792D36FE51}.Release|x64.ActiveCfg = Release|x64
		{34041D93-C797-4CA7-9345-C6792D36FE51}.Release|x64.Build.0 = Release|x64
	EndGlobalSection
	GlobalSection(SolutionProperties) = preSolution
		HideSolutionNode = FALSE
	EndGlobalSection
	GlobalSection(ExtensibilityGlobals) = postSolution
		SolutionGuid = {664D4770-6D8A-4CC4-A654-90AF7F001873}
	EndGlobalSection
EndGlobal
